
Microsoft Visual Studio Solution File, Format Version 12.00
# Visual Studio Version 17
VisualStudioVersion = 17.5.002.0
MinimumVisualStudioVersion = 10.0.40219.1
Project("{2150E333-8FDC-42A3-9474-1A3956D46DE8}") = "03.sampleapp", "03.sampleapp", "{DC70E1F0-45AA-4AF4-B12E-64982B26648F}"
EndProject
Project("{9A19103F-16F7-4668-BE54-9A1E7A4F7556}") = "aspnet_groupware", "03.sampleapp\aspnet_groupware\aspnet_groupware.csproj", "{73CCA587-4647-4192-98A8-111A1936C54B}"
EndProject
Global
	GlobalSection(SolutionConfigurationPlatforms) = preSolution
		Debug|Any CPU = Debug|Any CPU
		Release|Any CPU = Release|Any CPU
	EndGlobalSection
	GlobalSection(ProjectConfigurationPlatforms) = postSolution
		{73CCA587-4647-4192-98A8-111A1936C54B}.Debug|Any CPU.ActiveCfg = Debug|Any CPU
		{73CCA587-4647-4192-98A8-111A1936C54B}.Debug|Any CPU.Build.0 = Debug|Any CPU
		{73CCA587-4647-4192-98A8-111A1936C54B}.Release|Any CPU.ActiveCfg = Release|Any CPU
		{73CCA587-4647-4192-98A8-111A1936C54B}.Release|Any CPU.Build.0 = Release|Any CPU
	EndGlobalSection
	GlobalSection(SolutionProperties) = preSolution
		HideSolutionNode = FALSE
	EndGlobalSection
	GlobalSection(NestedProjects) = preSolution
		{73CCA587-4647-4192-98A8-111A1936C54B} = {DC70E1F0-45AA-4AF4-B12E-64982B26648F}
	EndGlobalSection
	GlobalSection(ExtensibilityGlobals) = postSolution
		SolutionGuid = {6BCBA35C-A350-4878-B8D0-A68A04F75720}
	EndGlobalSection
EndGlobal
